
Microsoft Visual Studio Solution File, Format Version 12.00
# Visual Studio Version 17
VisualStudioVersion = 17.14.36623.8
MinimumVisualStudioVersion = 10.0.40219.1
Project("{FAE04EC0-301F-11D3-BF4B-00C04F79EFBC}") = "GodotFunc", "GodotFunc.csproj", "{77263E89-7E5B-4EDC-8C72-62F7AB8DCB90}"
EndProject
Project("{F2A71F9B-5D33-465A-A702-920D77279786}") = "GodotFunc.FSharp", "GodotFunc.FSharp.fsproj", "{2CE23DC6-AC15-8865-F66C-85FFAEF3F9E7}"
EndProject
Project("{FAE04EC0-301F-11D3-BF4B-00C04F79EFBC}") = "Godot.FSharp.Attrs", "..\Godot.FSharp.Attrs\Godot.FSharp.Attrs.csproj", "{9843062E-2295-BEE6-E724-7B47BE88E6A0}"
EndProject
Global
	GlobalSection(SolutionConfigurationPlatforms) = preSolution
		Debug|Any CPU = Debug|Any CPU
		ExportDebug|Any CPU = ExportDebug|Any CPU
		ExportRelease|Any CPU = ExportRelease|Any CPU
		Release|Any CPU = Release|Any CPU
	EndGlobalSection
	GlobalSection(ProjectConfigurationPlatforms) = postSolution
		{77263E89-7E5B-4EDC-8C72-62F7AB8DCB90}.Debug|Any CPU.ActiveCfg = Debug|Any CPU
		{77263E89-7E5B-4EDC-8C72-62F7AB8DCB90}.Debug|Any CPU.Build.0 = Debug|Any CPU
		{77263E89-7E5B-4EDC-8C72-62F7AB8DCB90}.ExportDebug|Any CPU.ActiveCfg = ExportDebug|Any CPU
		{77263E89-7E5B-4EDC-8C72-62F7AB8DCB90}.ExportDebug|Any CPU.Build.0 = ExportDebug|Any CPU
		{77263E89-7E5B-4EDC-8C72-62F7AB8DCB90}.ExportRelease|Any CPU.ActiveCfg = ExportRelease|Any CPU
		{77263E89-7E5B-4EDC-8C72-62F7AB8DCB90}.ExportRelease|Any CPU.Build.0 = ExportRelease|Any CPU
		{77263E89-7E5B-4EDC-8C72-62F7AB8DCB90}.Release|Any CPU.ActiveCfg = ExportRelease|Any CPU
		{77263E89-7E5B-4EDC-8C72-62F7AB8DCB90}.Release|Any CPU.Build.0 = ExportRelease|Any CPU
		{2CE23DC6-AC15-8865-F66C-85FFAEF3F9E7}.Debug|Any CPU.ActiveCfg = Debug|Any CPU
		{2CE23DC6-AC15-8865-F66C-85FFAEF3F9E7}.Debug|Any CPU.Build.0 = Debug|Any CPU
		{2CE23DC6-AC15-8865-F66C-85FFAEF3F9E7}.ExportDebug|Any CPU.ActiveCfg = Release|Any CPU
		{2CE23DC6-AC15-8865-F66C-85FFAEF3F9E7}.ExportDebug|Any CPU.Build.0 = Release|Any CPU
		{2CE23DC6-AC15-8865-F66C-85FFAEF3F9E7}.ExportRelease|Any CPU.ActiveCfg = Release|Any CPU
		{2CE23DC6-AC15-8865-F66C-85FFAEF3F9E7}.ExportRelease|Any CPU.Build.0 = Release|Any CPU
		{2CE23DC6-AC15-8865-F66C-85FFAEF3F9E7}.Release|Any CPU.ActiveCfg = Release|Any CPU
		{2CE23DC6-AC15-8865-F66C-85FFAEF3F9E7}.Release|Any CPU.Build.0 = Release|Any CPU
		{9843062E-2295-BEE6-E724-7B47BE88E6A0}.Debug|Any CPU.ActiveCfg = Debug|Any CPU
		{9843062E-2295-BEE6-E724-7B47BE88E6A0}.Debug|Any CPU.Build.0 = Debug|Any CPU
		{9843062E-2295-BEE6-E724-7B47BE88E6A0}.ExportDebug|Any CPU.ActiveCfg = Release|Any CPU
		{9843062E-2295-BEE6-E724-7B47BE88E6A0}.ExportDebug|Any CPU.Build.0 = Release|Any CPU
		{9843062E-2295-BEE6-E724-7B47BE88E6A0}.ExportRelease|Any CPU.ActiveCfg = Release|Any CPU
		{9843062E-2295-BEE6-E724-7B47BE88E6A0}.ExportRelease|Any CPU.Build.0 = Release|Any CPU
		{9843062E-2295-BEE6-E724-7B47BE88E6A0}.Release|Any CPU.ActiveCfg = Release|Any CPU
		{9843062E-2295-BEE6-E724-7B47BE88E6A0}.Release|Any CPU.Build.0 = Release|Any CPU
	EndGlobalSection
	GlobalSection(SolutionProperties) = preSolution
		HideSolutionNode = FALSE
	EndGlobalSection
	GlobalSection(ExtensibilityGlobals) = postSolution
		SolutionGuid = {4A967F38-FD0E-4CF0-88D9-34C0C85EE330}
	EndGlobalSection
EndGlobal
